
Microsoft Visual Studio Solution File, Format Version 12.00
# Visual Studio 15
VisualStudioVersion = 15.0.27703.2026
MinimumVisualStudioVersion = 10.0.40219.1
Project("{FAE04EC0-301F-11D3-BF4B-00C04F79EFBC}") = "Ch7-P3-ProcessMultipleExceptions", "Ch7-P3-ProcessMultipleExceptions\Ch7-P3-ProcessMultipleExceptions.csproj", "{394FA47B-E492-4432-BC41-D7BCF0149031}"
EndProject
Global
	GlobalSection(SolutionConfigurationPlatforms) = preSolution
		Debug|Any CPU = Debug|Any CPU
		Release|Any CPU = Release|Any CPU
	EndGlobalSection
	GlobalSection(ProjectConfigurationPlatforms) = postSolution
		{394FA47B-E492-4432-BC41-D7BCF0149031}.Debug|Any CPU.ActiveCfg = Debug|Any CPU
		{394FA47B-E492-4432-BC41-D7BCF0149031}.Debug|Any CPU.Build.0 = Debug|Any CPU
		{394FA47B-E492-4432-BC41-D7BCF0149031}.Release|Any CPU.ActiveCfg = Release|Any CPU
		{394FA47B-E492-4432-BC41-D7BCF0149031}.Release|Any CPU.Build.0 = Release|Any CPU
	EndGlobalSection
	GlobalSection(SolutionProperties) = preSolution
		HideSolutionNode = FALSE
	EndGlobalSection
	GlobalSection(ExtensibilityGlobals) = postSolution
		SolutionGuid = {4AC9ABF3-EC7C-4940-A04D-975E4B7FC081}
	EndGlobalSection
EndGlobal
